
Microsoft Visual Studio Solution File, Format Version 12.00
# Visual Studio Version 17
VisualStudioVersion = 17.9.34728.123
MinimumVisualStudioVersion = 10.0.40219.1
Project("{FAE04EC0-301F-11D3-BF4B-00C04F79EFBC}") = "ZipCourseWork", "ZipCourseWork\ZipCourseWork.csproj", "{35966ACD-DE91-474D-9BB2-CF5F44AD97B0}"
EndProject
Global
	GlobalSection(SolutionConfigurationPlatforms) = preSolution
		Debug|Any CPU = Debug|Any CPU
		Release|Any CPU = Release|Any CPU
	EndGlobalSection
	GlobalSection(ProjectConfigurationPlatforms) = postSolution
		{35966ACD-DE91-474D-9BB2-CF5F44AD97B0}.Debug|Any CPU.ActiveCfg = Debug|Any CPU
		{35966ACD-DE91-474D-9BB2-CF5F44AD97B0}.Debug|Any CPU.Build.0 = Debug|Any CPU
		{35966ACD-DE91-474D-9BB2-CF5F44AD97B0}.Release|Any CPU.ActiveCfg = Release|Any CPU
		{35966ACD-DE91-474D-9BB2-CF5F44AD97B0}.Release|Any CPU.Build.0 = Release|Any CPU
	EndGlobalSection
	GlobalSection(SolutionProperties) = preSolution
		HideSolutionNode = FALSE
	EndGlobalSection
	GlobalSection(ExtensibilityGlobals) = postSolution
		SolutionGuid = {CBCB04F3-09B6-4D53-BDBE-585E96707328}
	EndGlobalSection
EndGlobal
